
Microsoft Visual Studio Solution File, Format Version 12.00
# Visual Studio 15
VisualStudioVersion = 15.0.26124.0
MinimumVisualStudioVersion = 15.0.26124.0
Project("{9A19103F-16F7-4668-BE54-9A1E7A4F7556}") = "HelloMVCApp", "HelloMVCApp.csproj", "{BB17C409-DE5B-41C2-9C41-FF1A742A371C}"
EndProject
Project("{FAE04EC0-301F-11D3-BF4B-00C04F79EFBC}") = "OOPApp", "..\OOPApp\OOPApp.csproj", "{006C28C4-613D-426E-8F5C-DF5D1EA5127A}"
EndProject
Global
	GlobalSection(SolutionConfigurationPlatforms) = preSolution
		Debug|Any CPU = Debug|Any CPU
		Debug|x64 = Debug|x64
		Debug|x86 = Debug|x86
		Release|Any CPU = Release|Any CPU
		Release|x64 = Release|x64
		Release|x86 = Release|x86
	EndGlobalSection
	GlobalSection(ProjectConfigurationPlatforms) = postSolution
		{BB17C409-DE5B-41C2-9C41-FF1A742A371C}.Debug|Any CPU.ActiveCfg = Debug|Any CPU
		{BB17C409-DE5B-41C2-9C41-FF1A742A371C}.Debug|Any CPU.Build.0 = Debug|Any CPU
		{BB17C409-DE5B-41C2-9C41-FF1A742A371C}.Debug|x64.ActiveCfg = Debug|Any CPU
		{BB17C409-DE5B-41C2-9C41-FF1A742A371C}.Debug|x64.Build.0 = Debug|Any CPU
		{BB17C409-DE5B-41C2-9C41-FF1A742A371C}.Debug|x86.ActiveCfg = Debug|Any CPU
		{BB17C409-DE5B-41C2-9C41-FF1A742A371C}.Debug|x86.Build.0 = Debug|Any CPU
		{BB17C409-DE5B-41C2-9C41-FF1A742A371C}.Release|Any CPU.ActiveCfg = Release|Any CPU
		{BB17C409-DE5B-41C2-9C41-FF1A742A371C}.Release|Any CPU.Build.0 = Release|Any CPU
		{BB17C409-DE5B-41C2-9C41-FF1A742A371C}.Release|x64.ActiveCfg = Release|Any CPU
		{BB17C409-DE5B-41C2-9C41-FF1A742A371C}.Release|x64.Build.0 = Release|Any CPU
		{BB17C409-DE5B-41C2-9C41-FF1A742A371C}.Release|x86.ActiveCfg = Release|Any CPU
		{BB17C409-DE5B-41C2-9C41-FF1A742A371C}.Release|x86.Build.0 = Release|Any CPU
		{006C28C4-613D-426E-8F5C-DF5D1EA5127A}.Debug|Any CPU.ActiveCfg = Debug|Any CPU
		{006C28C4-613D-426E-8F5C-DF5D1EA5127A}.Debug|Any CPU.Build.0 = Debug|Any CPU
		{006C28C4-613D-426E-8F5C-DF5D1EA5127A}.Debug|x64.ActiveCfg = Debug|Any CPU
		{006C28C4-613D-426E-8F5C-DF5D1EA5127A}.Debug|x64.Build.0 = Debug|Any CPU
		{006C28C4-613D-426E-8F5C-DF5D1EA5127A}.Debug|x86.ActiveCfg = Debug|Any CPU
		{006C28C4-613D-426E-8F5C-DF5D1EA5127A}.Debug|x86.Build.0 = Debug|Any CPU
		{006C28C4-613D-426E-8F5C-DF5D1EA5127A}.Release|Any CPU.ActiveCfg = Release|Any CPU
		{006C28C4-613D-426E-8F5C-DF5D1EA5127A}.Release|Any CPU.Build.0 = Release|Any CPU
		{006C28C4-613D-426E-8F5C-DF5D1EA5127A}.Release|x64.ActiveCfg = Release|Any CPU
		{006C28C4-613D-426E-8F5C-DF5D1EA5127A}.Release|x64.Build.0 = Release|Any CPU
		{006C28C4-613D-426E-8F5C-DF5D1EA5127A}.Release|x86.ActiveCfg = Release|Any CPU
		{006C28C4-613D-426E-8F5C-DF5D1EA5127A}.Release|x86.Build.0 = Release|Any CPU
	EndGlobalSection
	GlobalSection(SolutionProperties) = preSolution
		HideSolutionNode = FALSE
	EndGlobalSection
	GlobalSection(ExtensibilityGlobals) = postSolution
		SolutionGuid = {6972046C-B7C6-446B-82DA-4AFEC46236B6}
	EndGlobalSection
EndGlobal
